dependencies:
  espressif/esp-zboss-lib:
    component_hash: ceb89aaab088a3bc037c608bb7b7925e7116b0a7dda7c3476f44d9b06ff66c0a
    dependencies:
    - name: idf
      require: private
      version: '>=5.0'
    source:
      registry_url: https://components.espressif.com/
      type: service
    version: 1.5.0
  espressif/esp-zigbee-lib:
    component_hash: 238c29955025d3e4f430fd7243ad7f9f038b97775746032478f34532ad5979aa
    dependencies:
    - name: idf
      require: private
      version: '>=5.0'
    source:
      registry_url: https://components.espressif.com/
      type: service
    version: 1.5.0
  idf:
    source:
      type: idf
    version: 5.2.2
direct_dependencies:
- espressif/esp-zboss-lib
- espressif/esp-zigbee-lib
- idf
manifest_hash: 8a4e958782dde7c3226e8f20c840fc2f260a1777e4dfaef99364769d4669d677
target: esp32c6
version: 2.0.0
